
Microsoft Visual Studio Solution File, Format Version 12.00
# Visual Studio Version 16
VisualStudioVersion = 25.0.1705.3
MinimumVisualStudioVersion = 10.0.40219.1
Project("{FAE04EC0-301F-11D3-BF4B-00C04F79EFBC}") = "BestBuyBestPractices", "BestBuyBestPractices\BestBuyBestPractices.csproj", "{491CE1D9-D9E2-4CD0-AF51-A1854293B412}"
EndProject
Global
	GlobalSection(SolutionConfigurationPlatforms) = preSolution
		Debug|Any CPU = Debug|Any CPU
		Release|Any CPU = Release|Any CPU
	EndGlobalSection
	GlobalSection(ProjectConfigurationPlatforms) = postSolution
		{491CE1D9-D9E2-4CD0-AF51-A1854293B412}.Debug|Any CPU.ActiveCfg = Debug|Any CPU
		{491CE1D9-D9E2-4CD0-AF51-A1854293B412}.Debug|Any CPU.Build.0 = Debug|Any CPU
		{491CE1D9-D9E2-4CD0-AF51-A1854293B412}.Release|Any CPU.ActiveCfg = Release|Any CPU
		{491CE1D9-D9E2-4CD0-AF51-A1854293B412}.Release|Any CPU.Build.0 = Release|Any CPU
	EndGlobalSection
	GlobalSection(SolutionProperties) = preSolution
		HideSolutionNode = FALSE
	EndGlobalSection
	GlobalSection(ExtensibilityGlobals) = postSolution
		SolutionGuid = {D37369F5-40E3-4AB3-B4A4-978C7C03E6C0}
	EndGlobalSection
EndGlobal
